
Microsoft Visual Studio Solution File, Format Version 12.00
# Visual Studio Version 16
VisualStudioVersion = 16.0.30413.136
MinimumVisualStudioVersion = 10.0.40219.1
Project("{FAE04EC0-301F-11D3-BF4B-00C04F79EFBC}") = "Entidades", "Entidades\Entidades.csproj", "{21A8A99D-97F8-4F8F-9B1C-90872EDC0C9C}"
EndProject
Project("{FAE04EC0-301F-11D3-BF4B-00C04F79EFBC}") = "MiCalculadora", "MiCalculadora\MiCalculadora.csproj", "{F21B2DF2-D38F-42CA-A134-BDA40A4C9AC3}"
EndProject
Global
	GlobalSection(SolutionConfigurationPlatforms) = preSolution
		Debug|Any CPU = Debug|Any CPU
		Release|Any CPU = Release|Any CPU
	EndGlobalSection
	GlobalSection(ProjectConfigurationPlatforms) = postSolution
		{21A8A99D-97F8-4F8F-9B1C-90872EDC0C9C}.Debug|Any CPU.ActiveCfg = Debug|Any CPU
		{21A8A99D-97F8-4F8F-9B1C-90872EDC0C9C}.Debug|Any CPU.Build.0 = Debug|Any CPU
		{21A8A99D-97F8-4F8F-9B1C-90872EDC0C9C}.Release|Any CPU.ActiveCfg = Release|Any CPU
		{21A8A99D-97F8-4F8F-9B1C-90872EDC0C9C}.Release|Any CPU.Build.0 = Release|Any CPU
		{F21B2DF2-D38F-42CA-A134-BDA40A4C9AC3}.Debug|Any CPU.ActiveCfg = Debug|Any CPU
		{F21B2DF2-D38F-42CA-A134-BDA40A4C9AC3}.Debug|Any CPU.Build.0 = Debug|Any CPU
		{F21B2DF2-D38F-42CA-A134-BDA40A4C9AC3}.Release|Any CPU.ActiveCfg = Release|Any CPU
		{F21B2DF2-D38F-42CA-A134-BDA40A4C9AC3}.Release|Any CPU.Build.0 = Release|Any CPU
	EndGlobalSection
	GlobalSection(SolutionProperties) = preSolution
		HideSolutionNode = FALSE
	EndGlobalSection
	GlobalSection(ExtensibilityGlobals) = postSolution
		SolutionGuid = {A0E2A845-500B-47BC-92CA-EF9F7755F17F}
	EndGlobalSection
EndGlobal
